
Microsoft Visual Studio Solution File, Format Version 12.00
# Visual Studio Version 17
VisualStudioVersion = 17.4.33103.184
MinimumVisualStudioVersion = 10.0.40219.1
Project("{9A19103F-16F7-4668-BE54-9A1E7A4F7556}") = "AdventOfCode", "Answers\AdventOfCode.csproj", "{D9537297-BC8C-4803-B23A-6D4FD42B2B95}"
EndProject
Project("{9A19103F-16F7-4668-BE54-9A1E7A4F7556}") = "Tests", "Tests\Tests.csproj", "{86C4B728-1413-41FF-AA75-A678770209A1}"
EndProject
Project("{FAE04EC0-301F-11D3-BF4B-00C04F79EFBC}") = "SolverGenerator", "SolverGenerator\SolverGenerator.csproj", "{F845D75F-AB5F-4AE1-A095-00548F5123FB}"
EndProject
Global
	GlobalSection(SolutionConfigurationPlatforms) = preSolution
		Debug|Any CPU = Debug|Any CPU
		Release|Any CPU = Release|Any CPU
	EndGlobalSection
	GlobalSection(ProjectConfigurationPlatforms) = postSolution
		{D9537297-BC8C-4803-B23A-6D4FD42B2B95}.Debug|Any CPU.ActiveCfg = Debug|Any CPU
		{D9537297-BC8C-4803-B23A-6D4FD42B2B95}.Debug|Any CPU.Build.0 = Debug|Any CPU
		{D9537297-BC8C-4803-B23A-6D4FD42B2B95}.Release|Any CPU.ActiveCfg = Release|Any CPU
		{D9537297-BC8C-4803-B23A-6D4FD42B2B95}.Release|Any CPU.Build.0 = Release|Any CPU
		{86C4B728-1413-41FF-AA75-A678770209A1}.Debug|Any CPU.ActiveCfg = Debug|Any CPU
		{86C4B728-1413-41FF-AA75-A678770209A1}.Debug|Any CPU.Build.0 = Debug|Any CPU
		{86C4B728-1413-41FF-AA75-A678770209A1}.Release|Any CPU.ActiveCfg = Release|Any CPU
		{86C4B728-1413-41FF-AA75-A678770209A1}.Release|Any CPU.Build.0 = Release|Any CPU
		{F845D75F-AB5F-4AE1-A095-00548F5123FB}.Debug|Any CPU.ActiveCfg = Debug|Any CPU
		{F845D75F-AB5F-4AE1-A095-00548F5123FB}.Debug|Any CPU.Build.0 = Debug|Any CPU
		{F845D75F-AB5F-4AE1-A095-00548F5123FB}.Release|Any CPU.ActiveCfg = Release|Any CPU
		{F845D75F-AB5F-4AE1-A095-00548F5123FB}.Release|Any CPU.Build.0 = Release|Any CPU
	EndGlobalSection
	GlobalSection(SolutionProperties) = preSolution
		HideSolutionNode = FALSE
	EndGlobalSection
	GlobalSection(ExtensibilityGlobals) = postSolution
		SolutionGuid = {C10091A0-1CB1-49F4-A48B-9457CEFA4857}
	EndGlobalSection
EndGlobal
